
Microsoft Visual Studio Solution File, Format Version 12.00
# Visual Studio Version 17
VisualStudioVersion = 17.4.33213.308
MinimumVisualStudioVersion = 10.0.40219.1
Project("{2150E333-8FDC-42A3-9474-1A3956D46DE8}") = "Sources", "Sources", "{9ECED043-71AC-4ABB-B431-38ED33CA81E9}"
EndProject
Project("{2150E333-8FDC-42A3-9474-1A3956D46DE8}") = "Services", "Services", "{B35B6949-C56C-468F-BAA8-2C7C9A2FDF6B}"
EndProject
Project("{2150E333-8FDC-42A3-9474-1A3956D46DE8}") = "BuildingBlocks", "BuildingBlocks", "{A4FD2DAC-7127-43EA-B896-B7E7845761BA}"
EndProject
Project("{2150E333-8FDC-42A3-9474-1A3956D46DE8}") = "ApiGateways", "ApiGateways", "{A11FC961-BE45-4A6B-A122-BDF865BDA943}"
EndProject
Project("{2150E333-8FDC-42A3-9474-1A3956D46DE8}") = "Catalog", "Catalog", "{542975AD-A147-41FD-8E60-C7AB456D2A6C}"
EndProject
Project("{2150E333-8FDC-42A3-9474-1A3956D46DE8}") = "Commons", "Commons", "{BEC754D2-ECC1-4D58-8F0D-E07AB793394B}"
EndProject
Project("{9A19103F-16F7-4668-BE54-9A1E7A4F7556}") = "PathProjectChallenge.Core", "Sources\BuildingBlocks\Commons\PathProjectChallenge.Core\PathProjectChallenge.Core.csproj", "{E74D3E84-8743-473C-A876-D1EBE0DA146D}"
EndProject
Project("{9A19103F-16F7-4668-BE54-9A1E7A4F7556}") = "PathProjectChallenge.Data", "Sources\BuildingBlocks\Commons\PathProjectChallenge.Data\PathProjectChallenge.Data.csproj", "{3550C368-ACBE-4F26-A06B-9813706DFFE9}"
EndProject
Project("{9A19103F-16F7-4668-BE54-9A1E7A4F7556}") = "Catalog.Core", "Sources\Services\Catalog\Catalog.Core\Catalog.Core.csproj", "{14F455A8-AEC0-4F9E-A597-BF9AE529B8EC}"
EndProject
Project("{9A19103F-16F7-4668-BE54-9A1E7A4F7556}") = "Catalog.Data", "Sources\Services\Catalog\Catalog.Data\Catalog.Data.csproj", "{00E6AADB-4171-49B3-9E88-0602E2EC92EF}"
EndProject
Project("{9A19103F-16F7-4668-BE54-9A1E7A4F7556}") = "PathProjectChallenge.Service", "Sources\BuildingBlocks\Commons\PathProjectChallenge.Service\PathProjectChallenge.Service.csproj", "{2A57A06D-3E9A-41A6-9657-8F21566A9E66}"
EndProject
Project("{9A19103F-16F7-4668-BE54-9A1E7A4F7556}") = "Catalog.Dto", "Sources\Services\Catalog\Catalog.Dto\Catalog.Dto.csproj", "{B36ECC8E-2565-4D98-AF79-7C65D5EF7735}"
EndProject
Project("{9A19103F-16F7-4668-BE54-9A1E7A4F7556}") = "Catalog.API", "Sources\Services\Catalog\Catalog.API\Catalog.API.csproj", "{0669FFEF-4C9C-43AF-8801-CDD8D507B87E}"
EndProject
Project("{9A19103F-16F7-4668-BE54-9A1E7A4F7556}") = "Catalog.Service", "Sources\Services\Catalog\Catalog.Service\Catalog.Service.csproj", "{191A3B07-F03E-4462-AAA0-69B6AB774649}"
EndProject
Project("{9A19103F-16F7-4668-BE54-9A1E7A4F7556}") = "Catalog.WorkerService", "Sources\Services\Catalog\Catalog.WorkerService\Catalog.WorkerService.csproj", "{AF099C4F-5859-41DC-9211-298C4DAEF798}"
EndProject
Project("{2150E333-8FDC-42A3-9474-1A3956D46DE8}") = "Identity", "Identity", "{701F9395-430C-45C3-87FF-B26F822CCADD}"
EndProject
Project("{9A19103F-16F7-4668-BE54-9A1E7A4F7556}") = "IdentityServer.API", "Sources\Services\Identity\IdentityServer.API\IdentityServer.API.csproj", "{17CA03A9-0498-4530-9773-6C7E640D3BEB}"
EndProject
Project("{9A19103F-16F7-4668-BE54-9A1E7A4F7556}") = "PathProjectChallenge.Logging", "Sources\BuildingBlocks\Commons\PathProjectChallenge.Logging\PathProjectChallenge.Logging.csproj", "{47743FF0-AF03-48EB-9879-6FE1BFE6B8AE}"
EndProject
Project("{2150E333-8FDC-42A3-9474-1A3956D46DE8}") = "Basket", "Basket", "{2C5DEA3A-08DF-45E1-893A-1876173FA02C}"
EndProject
Project("{2150E333-8FDC-42A3-9474-1A3956D46DE8}") = "EventBus", "EventBus", "{B823AB3E-FBAE-462D-84E2-4E50FEA9DD47}"
EndProject
Project("{2150E333-8FDC-42A3-9474-1A3956D46DE8}") = "Saga", "Saga", "{A0B801E7-E32E-44FB-B3C0-6F881FD5F1F1}"
EndProject
Project("{2150E333-8FDC-42A3-9474-1A3956D46DE8}") = "Ordering", "Ordering", "{1FFA4C03-26CB-4405-9270-AE137D5FACD1}"
EndProject
Project("{9A19103F-16F7-4668-BE54-9A1E7A4F7556}") = "Basket.API", "Sources\Services\Basket\Basket.API\Basket.API.csproj", "{8DFF9466-97E6-44C9-8797-835348E1C9DD}"
EndProject
Project("{9A19103F-16F7-4668-BE54-9A1E7A4F7556}") = "EventBus.Shared", "Sources\BuildingBlocks\EventBus\EventBus.Shared\EventBus.Shared.csproj", "{D65FC0C0-6510-4D10-9359-EAA427FCC555}"
EndProject
Project("{9A19103F-16F7-4668-BE54-9A1E7A4F7556}") = "EventBusRabbitMQ", "Sources\BuildingBlocks\EventBus\EventBusRabbitMQ\EventBusRabbitMQ.csproj", "{BC7214CC-5DE8-47D9-B138-FC04ABFF917D}"
EndProject
Project("{9A19103F-16F7-4668-BE54-9A1E7A4F7556}") = "SagaStateMachine.WorkerService", "Sources\BuildingBlocks\Saga\SagaStateMachine.WorkerService\SagaStateMachine.WorkerService.csproj", "{79EB8B57-BF19-4A0C-96F2-8BA5C6DF6C8F}"
EndProject
Project("{9A19103F-16F7-4668-BE54-9A1E7A4F7556}") = "Ordering.Core", "Sources\Services\Ordering\Ordering.Core\Ordering.Core.csproj", "{3B56EABF-FC43-4AED-A30A-B5384C3F98FB}"
EndProject
Project("{9A19103F-16F7-4668-BE54-9A1E7A4F7556}") = "Ordering.Data", "Sources\Services\Ordering\Ordering.Data\Ordering.Data.csproj", "{DF56BE02-3F03-4C69-A419-FF13AF4D4822}"
EndProject
Project("{9A19103F-16F7-4668-BE54-9A1E7A4F7556}") = "Ordering.Dto", "Sources\Services\Ordering\Ordering.Dto\Ordering.Dto.csproj", "{8E1E3F9A-3EAD-4C73-8D78-092A5355FF46}"
EndProject
Project("{9A19103F-16F7-4668-BE54-9A1E7A4F7556}") = "Ordering.Event.WorkerService", "Sources\Services\Ordering\Ordering.Event.WorkerService\Ordering.Event.WorkerService.csproj", "{279D0164-B64D-4527-BB1E-FA171791F155}"
EndProject
Project("{9A19103F-16F7-4668-BE54-9A1E7A4F7556}") = "Ordering.API", "Sources\Services\Ordering\Ordering.API\Ordering.API.csproj", "{C5E3B8A4-DFDD-4418-A526-FB22BB7E3DF9}"
EndProject
Project("{2150E333-8FDC-42A3-9474-1A3956D46DE8}") = "Web.Bff.Path", "Web.Bff.Path", "{026221FF-7F28-42EB-8929-7CB93A2203DB}"
EndProject
Project("{2150E333-8FDC-42A3-9474-1A3956D46DE8}") = "Mobile.Bff.Path", "Mobile.Bff.Path", "{9F58B862-5906-4ED6-B6EF-07081EC9E8E4}"
EndProject
Project("{9A19103F-16F7-4668-BE54-9A1E7A4F7556}") = "Ordering.Service", "Sources\Services\Ordering\Ordering.Service\Ordering.Service.csproj", "{61E48574-D3BD-469A-BE91-AE079B184CFA}"
EndProject
Project("{9A19103F-16F7-4668-BE54-9A1E7A4F7556}") = "Mobile.ApiGateway", "Sources\ApiGateways\Mobile.Bff.Path\Mobile.ApiGateway\Mobile.ApiGateway.csproj", "{8E1831FB-A60A-4956-B0C9-4D67CF866A6E}"
EndProject
Project("{9A19103F-16F7-4668-BE54-9A1E7A4F7556}") = "Mobile.Bff.Path.HttpAggregator", "Sources\ApiGateways\Mobile.Bff.Path\Mobile.Bff.Path.HttpAggregator\Mobile.Bff.Path.HttpAggregator.csproj", "{348E0307-23BC-4B1A-86A0-60D8AB44FFCC}"
EndProject
Project("{9A19103F-16F7-4668-BE54-9A1E7A4F7556}") = "Web.ApiGateway", "Sources\ApiGateways\Web.Bff.Path\Web.ApiGateway\Web.ApiGateway.csproj", "{5E085F3D-89FB-45A8-A226-9F0AD58D05E6}"
EndProject
Project("{9A19103F-16F7-4668-BE54-9A1E7A4F7556}") = "Web.Bff.Path.HttpAggregator", "Sources\ApiGateways\Web.Bff.Path\Web.Bff.Path.HttpAggregator\Web.Bff.Path.HttpAggregator.csproj", "{8A7C742A-1C8C-41ED-829A-C90C03CD658C}"
EndProject
Project("{E53339B2-1760-4266-BCC7-CA923CBCF16C}") = "docker-compose", "docker-compose.dcproj", "{71B7A17C-735C-465C-8B3A-0A4AAA811E47}"
EndProject
Global
	GlobalSection(SolutionConfigurationPlatforms) = preSolution
		Debug|Any CPU = Debug|Any CPU
		Release|Any CPU = Release|Any CPU
	EndGlobalSection
	GlobalSection(ProjectConfigurationPlatforms) = postSolution
		{E74D3E84-8743-473C-A876-D1EBE0DA146D}.Debug|Any CPU.ActiveCfg = Debug|Any CPU
		{E74D3E84-8743-473C-A876-D1EBE0DA146D}.Debug|Any CPU.Build.0 = Debug|Any CPU
		{E74D3E84-8743-473C-A876-D1EBE0DA146D}.Release|Any CPU.ActiveCfg = Release|Any CPU
		{E74D3E84-8743-473C-A876-D1EBE0DA146D}.Release|Any CPU.Build.0 = Release|Any CPU
		{3550C368-ACBE-4F26-A06B-9813706DFFE9}.Debug|Any CPU.ActiveCfg = Debug|Any CPU
		{3550C368-ACBE-4F26-A06B-9813706DFFE9}.Debug|Any CPU.Build.0 = Debug|Any CPU
		{3550C368-ACBE-4F26-A06B-9813706DFFE9}.Release|Any CPU.ActiveCfg = Release|Any CPU
		{3550C368-ACBE-4F26-A06B-9813706DFFE9}.Release|Any CPU.Build.0 = Release|Any CPU
		{14F455A8-AEC0-4F9E-A597-BF9AE529B8EC}.Debug|Any CPU.ActiveCfg = Debug|Any CPU
		{14F455A8-AEC0-4F9E-A597-BF9AE529B8EC}.Debug|Any CPU.Build.0 = Debug|Any CPU
		{14F455A8-AEC0-4F9E-A597-BF9AE529B8EC}.Release|Any CPU.ActiveCfg = Release|Any CPU
		{14F455A8-AEC0-4F9E-A597-BF9AE529B8EC}.Release|Any CPU.Build.0 = Release|Any CPU
		{00E6AADB-4171-49B3-9E88-0602E2EC92EF}.Debug|Any CPU.ActiveCfg = Debug|Any CPU
		{00E6AADB-4171-49B3-9E88-0602E2EC92EF}.Debug|Any CPU.Build.0 = Debug|Any CPU
		{00E6AADB-4171-49B3-9E88-0602E2EC92EF}.Release|Any CPU.ActiveCfg = Release|Any CPU
		{00E6AADB-4171-49B3-9E88-0602E2EC92EF}.Release|Any CPU.Build.0 = Release|Any CPU
		{2A57A06D-3E9A-41A6-9657-8F21566A9E66}.Debug|Any CPU.ActiveCfg = Debug|Any CPU
		{2A57A06D-3E9A-41A6-9657-8F21566A9E66}.Debug|Any CPU.Build.0 = Debug|Any CPU
		{2A57A06D-3E9A-41A6-9657-8F21566A9E66}.Release|Any CPU.ActiveCfg = Release|Any CPU
		{2A57A06D-3E9A-41A6-9657-8F21566A9E66}.Release|Any CPU.Build.0 = Release|Any CPU
		{B36ECC8E-2565-4D98-AF79-7C65D5EF7735}.Debug|Any CPU.ActiveCfg = Debug|Any CPU
		{B36ECC8E-2565-4D98-AF79-7C65D5EF7735}.Debug|Any CPU.Build.0 = Debug|Any CPU
		{B36ECC8E-2565-4D98-AF79-7C65D5EF7735}.Release|Any CPU.ActiveCfg = Release|Any CPU
		{B36ECC8E-2565-4D98-AF79-7C65D5EF7735}.Release|Any CPU.Build.0 = Release|Any CPU
		{0669FFEF-4C9C-43AF-8801-CDD8D507B87E}.Debug|Any CPU.ActiveCfg = Debug|Any CPU
		{0669FFEF-4C9C-43AF-8801-CDD8D507B87E}.Debug|Any CPU.Build.0 = Debug|Any CPU
		{0669FFEF-4C9C-43AF-8801-CDD8D507B87E}.Release|Any CPU.ActiveCfg = Release|Any CPU
		{0669FFEF-4C9C-43AF-8801-CDD8D507B87E}.Release|Any CPU.Build.0 = Release|Any CPU
		{191A3B07-F03E-4462-AAA0-69B6AB774649}.Debug|Any CPU.ActiveCfg = Debug|Any CPU
		{191A3B07-F03E-4462-AAA0-69B6AB774649}.Debug|Any CPU.Build.0 = Debug|Any CPU
		{191A3B07-F03E-4462-AAA0-69B6AB774649}.Release|Any CPU.ActiveCfg = Release|Any CPU
		{191A3B07-F03E-4462-AAA0-69B6AB774649}.Release|Any CPU.Build.0 = Release|Any CPU
		{AF099C4F-5859-41DC-9211-298C4DAEF798}.Debug|Any CPU.ActiveCfg = Debug|Any CPU
		{AF099C4F-5859-41DC-9211-298C4DAEF798}.Debug|Any CPU.Build.0 = Debug|Any CPU
		{AF099C4F-5859-41DC-9211-298C4DAEF798}.Release|Any CPU.ActiveCfg = Release|Any CPU
		{AF099C4F-5859-41DC-9211-298C4DAEF798}.Release|Any CPU.Build.0 = Release|Any CPU
		{17CA03A9-0498-4530-9773-6C7E640D3BEB}.Debug|Any CPU.ActiveCfg = Debug|Any CPU
		{17CA03A9-0498-4530-9773-6C7E640D3BEB}.Debug|Any CPU.Build.0 = Debug|Any CPU
		{17CA03A9-0498-4530-9773-6C7E640D3BEB}.Release|Any CPU.ActiveCfg = Release|Any CPU
		{17CA03A9-0498-4530-9773-6C7E640D3BEB}.Release|Any CPU.Build.0 = Release|Any CPU
		{47743FF0-AF03-48EB-9879-6FE1BFE6B8AE}.Debug|Any CPU.ActiveCfg = Debug|Any CPU
		{47743FF0-AF03-48EB-9879-6FE1BFE6B8AE}.Debug|Any CPU.Build.0 = Debug|Any CPU
		{47743FF0-AF03-48EB-9879-6FE1BFE6B8AE}.Release|Any CPU.ActiveCfg = Release|Any CPU
		{47743FF0-AF03-48EB-9879-6FE1BFE6B8AE}.Release|Any CPU.Build.0 = Release|Any CPU
		{8DFF9466-97E6-44C9-8797-835348E1C9DD}.Debug|Any CPU.ActiveCfg = Debug|Any CPU
		{8DFF9466-97E6-44C9-8797-835348E1C9DD}.Debug|Any CPU.Build.0 = Debug|Any CPU
		{8DFF9466-97E6-44C9-8797-835348E1C9DD}.Release|Any CPU.ActiveCfg = Release|Any CPU
		{8DFF9466-97E6-44C9-8797-835348E1C9DD}.Release|Any CPU.Build.0 = Release|Any CPU
		{D65FC0C0-6510-4D10-9359-EAA427FCC555}.Debug|Any CPU.ActiveCfg = Debug|Any CPU
		{D65FC0C0-6510-4D10-9359-EAA427FCC555}.Debug|Any CPU.Build.0 = Debug|Any CPU
		{D65FC0C0-6510-4D10-9359-EAA427FCC555}.Release|Any CPU.ActiveCfg = Release|Any CPU
		{D65FC0C0-6510-4D10-9359-EAA427FCC555}.Release|Any CPU.Build.0 = Release|Any CPU
		{BC7214CC-5DE8-47D9-B138-FC04ABFF917D}.Debug|Any CPU.ActiveCfg = Debug|Any CPU
		{BC7214CC-5DE8-47D9-B138-FC04ABFF917D}.Debug|Any CPU.Build.0 = Debug|Any CPU
		{BC7214CC-5DE8-47D9-B138-FC04ABFF917D}.Release|Any CPU.ActiveCfg = Release|Any CPU
		{BC7214CC-5DE8-47D9-B138-FC04ABFF917D}.Release|Any CPU.Build.0 = Release|Any CPU
		{79EB8B57-BF19-4A0C-96F2-8BA5C6DF6C8F}.Debug|Any CPU.ActiveCfg = Debug|Any CPU
		{79EB8B57-BF19-4A0C-96F2-8BA5C6DF6C8F}.Debug|Any CPU.Build.0 = Debug|Any CPU
		{79EB8B57-BF19-4A0C-96F2-8BA5C6DF6C8F}.Release|Any CPU.ActiveCfg = Release|Any CPU
		{79EB8B57-BF19-4A0C-96F2-8BA5C6DF6C8F}.Release|Any CPU.Build.0 = Release|Any CPU
		{3B56EABF-FC43-4AED-A30A-B5384C3F98FB}.Debug|Any CPU.ActiveCfg = Debug|Any CPU
		{3B56EABF-FC43-4AED-A30A-B5384C3F98FB}.Debug|Any CPU.Build.0 = Debug|Any CPU
		{3B56EABF-FC43-4AED-A30A-B5384C3F98FB}.Release|Any CPU.ActiveCfg = Release|Any CPU
		{3B56EABF-FC43-4AED-A30A-B5384C3F98FB}.Release|Any CPU.Build.0 = Release|Any CPU
		{DF56BE02-3F03-4C69-A419-FF13AF4D4822}.Debug|Any CPU.ActiveCfg = Debug|Any CPU
		{DF56BE02-3F03-4C69-A419-FF13AF4D4822}.Debug|Any CPU.Build.0 = Debug|Any CPU
		{DF56BE02-3F03-4C69-A419-FF13AF4D4822}.Release|Any CPU.ActiveCfg = Release|Any CPU
		{DF56BE02-3F03-4C69-A419-FF13AF4D4822}.Release|Any CPU.Build.0 = Release|Any CPU
		{8E1E3F9A-3EAD-4C73-8D78-092A5355FF46}.Debug|Any CPU.ActiveCfg = Debug|Any CPU
		{8E1E3F9A-3EAD-4C73-8D78-092A5355FF46}.Debug|Any CPU.Build.0 = Debug|Any CPU
		{8E1E3F9A-3EAD-4C73-8D78-092A5355FF46}.Release|Any CPU.ActiveCfg = Release|Any CPU
		{8E1E3F9A-3EAD-4C73-8D78-092A5355FF46}.Release|Any CPU.Build.0 = Release|Any CPU
		{279D0164-B64D-4527-BB1E-FA171791F155}.Debug|Any CPU.ActiveCfg = Debug|Any CPU
		{279D0164-B64D-4527-BB1E-FA171791F155}.Debug|Any CPU.Build.0 = Debug|Any CPU
		{279D0164-B64D-4527-BB1E-FA171791F155}.Release|Any CPU.ActiveCfg = Release|Any CPU
		{279D0164-B64D-4527-BB1E-FA171791F155}.Release|Any CPU.Build.0 = Release|Any CPU
		{C5E3B8A4-DFDD-4418-A526-FB22BB7E3DF9}.Debug|Any CPU.ActiveCfg = Debug|Any CPU
		{C5E3B8A4-DFDD-4418-A526-FB22BB7E3DF9}.Debug|Any CPU.Build.0 = Debug|Any CPU
		{C5E3B8A4-DFDD-4418-A526-FB22BB7E3DF9}.Release|Any CPU.ActiveCfg = Release|Any CPU
		{C5E3B8A4-DFDD-4418-A526-FB22BB7E3DF9}.Release|Any CPU.Build.0 = Release|Any CPU
		{61E48574-D3BD-469A-BE91-AE079B184CFA}.Debug|Any CPU.ActiveCfg = Debug|Any CPU
		{61E48574-D3BD-469A-BE91-AE079B184CFA}.Debug|Any CPU.Build.0 = Debug|Any CPU
		{61E48574-D3BD-469A-BE91-AE079B184CFA}.Release|Any CPU.ActiveCfg = Release|Any CPU
		{61E48574-D3BD-469A-BE91-AE079B184CFA}.Release|Any CPU.Build.0 = Release|Any CPU
		{8E1831FB-A60A-4956-B0C9-4D67CF866A6E}.Debug|Any CPU.ActiveCfg = Debug|Any CPU
		{8E1831FB-A60A-4956-B0C9-4D67CF866A6E}.Debug|Any CPU.Build.0 = Debug|Any CPU
		{8E1831FB-A60A-4956-B0C9-4D67CF866A6E}.Release|Any CPU.ActiveCfg = Release|Any CPU
		{8E1831FB-A60A-4956-B0C9-4D67CF866A6E}.Release|Any CPU.Build.0 = Release|Any CPU
		{348E0307-23BC-4B1A-86A0-60D8AB44FFCC}.Debug|Any CPU.ActiveCfg = Debug|Any CPU
		{348E0307-23BC-4B1A-86A0-60D8AB44FFCC}.Debug|Any CPU.Build.0 = Debug|Any CPU
		{348E0307-23BC-4B1A-86A0-60D8AB44FFCC}.Release|Any CPU.ActiveCfg = Release|Any CPU
		{348E0307-23BC-4B1A-86A0-60D8AB44FFCC}.Release|Any CPU.Build.0 = Release|Any CPU
		{5E085F3D-89FB-45A8-A226-9F0AD58D05E6}.Debug|Any CPU.ActiveCfg = Debug|Any CPU
		{5E085F3D-89FB-45A8-A226-9F0AD58D05E6}.Debug|Any CPU.Build.0 = Debug|Any CPU
		{5E085F3D-89FB-45A8-A226-9F0AD58D05E6}.Release|Any CPU.ActiveCfg = Release|Any CPU
		{5E085F3D-89FB-45A8-A226-9F0AD58D05E6}.Release|Any CPU.Build.0 = Release|Any CPU
		{8A7C742A-1C8C-41ED-829A-C90C03CD658C}.Debug|Any CPU.ActiveCfg = Debug|Any CPU
		{8A7C742A-1C8C-41ED-829A-C90C03CD658C}.Debug|Any CPU.Build.0 = Debug|Any CPU
		{8A7C742A-1C8C-41ED-829A-C90C03CD658C}.Release|Any CPU.ActiveCfg = Release|Any CPU
		{8A7C742A-1C8C-41ED-829A-C90C03CD658C}.Release|Any CPU.Build.0 = Release|Any CPU
		{71B7A17C-735C-465C-8B3A-0A4AAA811E47}.Debug|Any CPU.ActiveCfg = Debug|Any CPU
		{71B7A17C-735C-465C-8B3A-0A4AAA811E47}.Debug|Any CPU.Build.0 = Debug|Any CPU
		{71B7A17C-735C-465C-8B3A-0A4AAA811E47}.Release|Any CPU.ActiveCfg = Release|Any CPU
		{71B7A17C-735C-465C-8B3A-0A4AAA811E47}.Release|Any CPU.Build.0 = Release|Any CPU
	EndGlobalSection
	GlobalSection(SolutionProperties) = preSolution
		HideSolutionNode = FALSE
	EndGlobalSection
	GlobalSection(NestedProjects) = preSolution
		{B35B6949-C56C-468F-BAA8-2C7C9A2FDF6B} = {9ECED043-71AC-4ABB-B431-38ED33CA81E9}
		{A4FD2DAC-7127-43EA-B896-B7E7845761BA} = {9ECED043-71AC-4ABB-B431-38ED33CA81E9}
		{A11FC961-BE45-4A6B-A122-BDF865BDA943} = {9ECED043-71AC-4ABB-B431-38ED33CA81E9}
		{542975AD-A147-41FD-8E60-C7AB456D2A6C} = {B35B6949-C56C-468F-BAA8-2C7C9A2FDF6B}
		{BEC754D2-ECC1-4D58-8F0D-E07AB793394B} = {A4FD2DAC-7127-43EA-B896-B7E7845761BA}
		{E74D3E84-8743-473C-A876-D1EBE0DA146D} = {BEC754D2-ECC1-4D58-8F0D-E07AB793394B}
		{3550C368-ACBE-4F26-A06B-9813706DFFE9} = {BEC754D2-ECC1-4D58-8F0D-E07AB793394B}
		{14F455A8-AEC0-4F9E-A597-BF9AE529B8EC} = {542975AD-A147-41FD-8E60-C7AB456D2A6C}
		{00E6AADB-4171-49B3-9E88-0602E2EC92EF} = {542975AD-A147-41FD-8E60-C7AB456D2A6C}
		{2A57A06D-3E9A-41A6-9657-8F21566A9E66} = {BEC754D2-ECC1-4D58-8F0D-E07AB793394B}
		{B36ECC8E-2565-4D98-AF79-7C65D5EF7735} = {542975AD-A147-41FD-8E60-C7AB456D2A6C}
		{0669FFEF-4C9C-43AF-8801-CDD8D507B87E} = {542975AD-A147-41FD-8E60-C7AB456D2A6C}
		{191A3B07-F03E-4462-AAA0-69B6AB774649} = {542975AD-A147-41FD-8E60-C7AB456D2A6C}
		{AF099C4F-5859-41DC-9211-298C4DAEF798} = {542975AD-A147-41FD-8E60-C7AB456D2A6C}
		{701F9395-430C-45C3-87FF-B26F822CCADD} = {B35B6949-C56C-468F-BAA8-2C7C9A2FDF6B}
		{17CA03A9-0498-4530-9773-6C7E640D3BEB} = {701F9395-430C-45C3-87FF-B26F822CCADD}
		{47743FF0-AF03-48EB-9879-6FE1BFE6B8AE} = {BEC754D2-ECC1-4D58-8F0D-E07AB793394B}
		{2C5DEA3A-08DF-45E1-893A-1876173FA02C} = {B35B6949-C56C-468F-BAA8-2C7C9A2FDF6B}
		{B823AB3E-FBAE-462D-84E2-4E50FEA9DD47} = {A4FD2DAC-7127-43EA-B896-B7E7845761BA}
		{A0B801E7-E32E-44FB-B3C0-6F881FD5F1F1} = {A4FD2DAC-7127-43EA-B896-B7E7845761BA}
		{1FFA4C03-26CB-4405-9270-AE137D5FACD1} = {B35B6949-C56C-468F-BAA8-2C7C9A2FDF6B}
		{8DFF9466-97E6-44C9-8797-835348E1C9DD} = {2C5DEA3A-08DF-45E1-893A-1876173FA02C}
		{D65FC0C0-6510-4D10-9359-EAA427FCC555} = {B823AB3E-FBAE-462D-84E2-4E50FEA9DD47}
		{BC7214CC-5DE8-47D9-B138-FC04ABFF917D} = {B823AB3E-FBAE-462D-84E2-4E50FEA9DD47}
		{79EB8B57-BF19-4A0C-96F2-8BA5C6DF6C8F} = {A0B801E7-E32E-44FB-B3C0-6F881FD5F1F1}
		{3B56EABF-FC43-4AED-A30A-B5384C3F98FB} = {1FFA4C03-26CB-4405-9270-AE137D5FACD1}
		{DF56BE02-3F03-4C69-A419-FF13AF4D4822} = {1FFA4C03-26CB-4405-9270-AE137D5FACD1}
		{8E1E3F9A-3EAD-4C73-8D78-092A5355FF46} = {1FFA4C03-26CB-4405-9270-AE137D5FACD1}
		{279D0164-B64D-4527-BB1E-FA171791F155} = {1FFA4C03-26CB-4405-9270-AE137D5FACD1}
		{C5E3B8A4-DFDD-4418-A526-FB22BB7E3DF9} = {1FFA4C03-26CB-4405-9270-AE137D5FACD1}
		{026221FF-7F28-42EB-8929-7CB93A2203DB} = {A11FC961-BE45-4A6B-A122-BDF865BDA943}
		{9F58B862-5906-4ED6-B6EF-07081EC9E8E4} = {A11FC961-BE45-4A6B-A122-BDF865BDA943}
		{61E48574-D3BD-469A-BE91-AE079B184CFA} = {1FFA4C03-26CB-4405-9270-AE137D5FACD1}
		{8E1831FB-A60A-4956-B0C9-4D67CF866A6E} = {9F58B862-5906-4ED6-B6EF-07081EC9E8E4}
		{348E0307-23BC-4B1A-86A0-60D8AB44FFCC} = {9F58B862-5906-4ED6-B6EF-07081EC9E8E4}
		{5E085F3D-89FB-45A8-A226-9F0AD58D05E6} = {026221FF-7F28-42EB-8929-7CB93A2203DB}
		{8A7C742A-1C8C-41ED-829A-C90C03CD658C} = {026221FF-7F28-42EB-8929-7CB93A2203DB}
	EndGlobalSection
	GlobalSection(ExtensibilityGlobals) = postSolution
		SolutionGuid = {FCDD294B-7636-4479-90BB-16C557CBDF31}
	EndGlobalSection
EndGlobal
